
Microsoft Visual Studio Solution File, Format Version 12.00
# Visual Studio Version 16
VisualStudioVersion = 16.0.30114.105
MinimumVisualStudioVersion = 10.0.40219.1
Project("{FAE04EC0-301F-11D3-BF4B-00C04F79EFBC}") = "Porssisovellus", "Porssisovellus\Porssisovellus.csproj", "{6695DBAF-4D43-4335-B736-611E887A721D}"
EndProject
Global
	GlobalSection(SolutionConfigurationPlatforms) = preSolution
		Debug|Any CPU = Debug|Any CPU
		Release|Any CPU = Release|Any CPU
	EndGlobalSection
	GlobalSection(ProjectConfigurationPlatforms) = postSolution
		{6695DBAF-4D43-4335-B736-611E887A721D}.Debug|Any CPU.ActiveCfg = Debug|Any CPU
		{6695DBAF-4D43-4335-B736-611E887A721D}.Debug|Any CPU.Build.0 = Debug|Any CPU
		{6695DBAF-4D43-4335-B736-611E887A721D}.Debug|Any CPU.Deploy.0 = Debug|Any CPU
		{6695DBAF-4D43-4335-B736-611E887A721D}.Release|Any CPU.ActiveCfg = Release|Any CPU
		{6695DBAF-4D43-4335-B736-611E887A721D}.Release|Any CPU.Build.0 = Release|Any CPU
		{6695DBAF-4D43-4335-B736-611E887A721D}.Release|Any CPU.Deploy.0 = Release|Any CPU
	EndGlobalSection
	GlobalSection(SolutionProperties) = preSolution
		HideSolutionNode = FALSE
	EndGlobalSection
	GlobalSection(ExtensibilityGlobals) = postSolution
		SolutionGuid = {7CD61090-0BFA-468F-A849-59BC807E89DE}
	EndGlobalSection
EndGlobal
